
Microsoft Visual Studio Solution File, Format Version 12.00
# Visual Studio Version 16
VisualStudioVersion = 16.0.28803.202
MinimumVisualStudioVersion = 10.0.40219.1
Project("{FAE04EC0-301F-11D3-BF4B-00C04F79EFBC}") = "W_Machine", "W_Machine\W_Machine.csproj", "{497AA187-17C0-4745-8459-C4A7B4330C9E}"
EndProject
Global
	GlobalSection(SolutionConfigurationPlatforms) = preSolution
		Debug|Any CPU = Debug|Any CPU
		Release|Any CPU = Release|Any CPU
	EndGlobalSection
	GlobalSection(ProjectConfigurationPlatforms) = postSolution
		{497AA187-17C0-4745-8459-C4A7B4330C9E}.Debug|Any CPU.ActiveCfg = Debug|Any CPU
		{497AA187-17C0-4745-8459-C4A7B4330C9E}.Debug|Any CPU.Build.0 = Debug|Any CPU
		{497AA187-17C0-4745-8459-C4A7B4330C9E}.Release|Any CPU.ActiveCfg = Release|Any CPU
		{497AA187-17C0-4745-8459-C4A7B4330C9E}.Release|Any CPU.Build.0 = Release|Any CPU
	EndGlobalSection
	GlobalSection(SolutionProperties) = preSolution
		HideSolutionNode = FALSE
	EndGlobalSection
	GlobalSection(ExtensibilityGlobals) = postSolution
		SolutionGuid = {7105443F-AD49-4401-BA21-9000D567C23D}
	EndGlobalSection
EndGlobal
